
Microsoft Visual Studio Solution File, Format Version 12.00
# Visual Studio Version 17
VisualStudioVersion = 17.1.32407.343
MinimumVisualStudioVersion = 10.0.40219.1
Project("{FAE04EC0-301F-11D3-BF4B-00C04F79EFBC}") = "EcoPowerLogisticsAPI_37280287", "EcoPowerLogisticsAPI_37280287.csproj", "{DCA27563-6FF8-4D73-B476-ACB6ACE31A84}"
EndProject
Global
	GlobalSection(SolutionConfigurationPlatforms) = preSolution
		Debug|Any CPU = Debug|Any CPU
		Release|Any CPU = Release|Any CPU
	EndGlobalSection
	GlobalSection(ProjectConfigurationPlatforms) = postSolution
		{DCA27563-6FF8-4D73-B476-ACB6ACE31A84}.Debug|Any CPU.ActiveCfg = Debug|Any CPU
		{DCA27563-6FF8-4D73-B476-ACB6ACE31A84}.Debug|Any CPU.Build.0 = Debug|Any CPU
		{DCA27563-6FF8-4D73-B476-ACB6ACE31A84}.Release|Any CPU.ActiveCfg = Release|Any CPU
		{DCA27563-6FF8-4D73-B476-ACB6ACE31A84}.Release|Any CPU.Build.0 = Release|Any CPU
	EndGlobalSection
	GlobalSection(SolutionProperties) = preSolution
		HideSolutionNode = FALSE
	EndGlobalSection
	GlobalSection(ExtensibilityGlobals) = postSolution
		SolutionGuid = {60EFB9E4-4AE8-4A32-BA8F-7115CCE4F7DD}
	EndGlobalSection
EndGlobal
